
Microsoft Visual Studio Solution File, Format Version 12.00
# Visual Studio Version 17
VisualStudioVersion = 17.5.33516.290
MinimumVisualStudioVersion = 10.0.40219.1
Project("{FAE04EC0-301F-11D3-BF4B-00C04F79EFBC}") = "WinApp_calculadora1", "WinApp_calculadora1\WinApp_calculadora1.csproj", "{EFABB1A4-5241-4444-B821-BEA95EE4AD33}"
EndProject
Global
	GlobalSection(SolutionConfigurationPlatforms) = preSolution
		Debug|Any CPU = Debug|Any CPU
		Release|Any CPU = Release|Any CPU
	EndGlobalSection
	GlobalSection(ProjectConfigurationPlatforms) = postSolution
		{EFABB1A4-5241-4444-B821-BEA95EE4AD33}.Debug|Any CPU.ActiveCfg = Debug|Any CPU
		{EFABB1A4-5241-4444-B821-BEA95EE4AD33}.Debug|Any CPU.Build.0 = Debug|Any CPU
		{EFABB1A4-5241-4444-B821-BEA95EE4AD33}.Release|Any CPU.ActiveCfg = Release|Any CPU
		{EFABB1A4-5241-4444-B821-BEA95EE4AD33}.Release|Any CPU.Build.0 = Release|Any CPU
	EndGlobalSection
	GlobalSection(SolutionProperties) = preSolution
		HideSolutionNode = FALSE
	EndGlobalSection
	GlobalSection(ExtensibilityGlobals) = postSolution
		SolutionGuid = {9E8C982F-6F56-40B1-BA72-6E06D8B4979C}
	EndGlobalSection
EndGlobal
